github.com/dimfeld/httptreemux/v5 v5.0.2 h1:q+c+zKVpQocXT2OGa7dsXCX9wdeDq2TO5INqqDfKRLE=
github.com/dimfeld/httptreemux/v5 v5.0.2/go.mod h1:QeEylH57C0v3VO0tkKraVz9oD3Uu93CKPnTLbsidvSw=
github.com/julienschmidt/httprouter v0.0.0-20180715161854-348b672cd90d h1:of6+TpypLAaiv4JxgH5aplBZnt0b65B4v4c8q5oy+Sk=
github.com/julienschmidt/httprouter v0.0.0-20180715161854-348b672cd90d/go.mod h1:SYymIcj16QtmaHHD7aYtjjsJG7VTCxuUUipMqKk8s4w=
github.com/julienschmidt/httprouter v1.2.0 h1:TDTW5Yz1mjftljbcKqRcrYhd4XeOoI98t+9HbQbYf7g=
github.com/julienschmidt/httprouter v1.2.0/go.mod h1:SYymIcj16QtmaHHD7aYtjjsJG7VTCxuUUipMqKk8s4w=
